// !$*UTF8*$!
{
	archiveVersion = 1;
	classes = {
	};
	objectVersion = 46;
	objects = {

/* Begin PBXBuildFile section */
		E09BD82F1F630F92008F8A77 /* AppDelegate.swift in Sources */ = {isa = PBXBuildFile; fileRef = E09BD82E1F630F92008F8A77 /* AppDelegate.swift */; };
		E09BD8311F630F92008F8A77 /* ViewController.swift in Sources */ = {isa = PBXBuildFile; fileRef = E09BD8301F630F92008F8A77 /* ViewController.swift */; };
		E09BD8341F630F92008F8A77 /* Main.storyboard in Resources */ = {isa = PBXBuildFile; fileRef = E09BD8321F630F92008F8A77 /* Main.storyboard */; };
		E09BD8361F630F92008F8A77 /* Assets.xcassets in Resources */ = {isa = PBXBuildFile; fileRef = E09BD8351F630F92008F8A77 /* Assets.xcassets */; };
		E09BD8391F630F92008F8A77 /* LaunchScreen.storyboard in Resources */ = {isa = PBXBuildFile; fileRef = E09BD8371F630F92008F8A77 /* LaunchScreen.storyboard */; };
		E09BD8441F630F92008F8A77 /* DestroyTheWorldTests.swift in Sources */ = {isa = PBXBuildFile; fileRef = E09BD8431F630F92008F8A77 /* DestroyTheWorldTests.swift */; };
		E09BD84F1F630F92008F8A77 /* DestroyTheWorldUITests.swift in Sources */ = {isa = PBXBuildFile; fileRef = E09BD84E1F630F92008F8A77 /* DestroyTheWorldUITests.swift */; };
/* End PBXBuildFile section */

/* Begin PBXContainerItemProxy section */
		E09BD8401F630F92008F8A77 /* PBXContainerItemProxy */ = {
			isa = PBXContainerItemProxy;
			containerPortal = E09BD8231F630F92008F8A77 /* Project object */;
			proxyType = 1;
			remoteGlobalIDString = E09BD82A1F630F92008F8A77;
			remoteInfo = DestroyTheWorld;
		};
		E09BD84B1F630F92008F8A77 /* PBXContainerItemProxy */ = {
			isa = PBXContainerItemProxy;
			containerPortal = E09BD8231F630F92008F8A77 /* Project object */;
			proxyType = 1;
			remoteGlobalIDString = E09BD82A1F630F92008F8A77;
			remoteInfo = DestroyTheWorld;
		};
/* End PBXContainerItemProxy section */

/* Begin PBXFileReference section */
		E09BD82B1F630F92008F8A77 /* DestroyTheWorld.app */ = {isa = PBXFileReference; explicitFileType = wrapper.application; includeInIndex = 0; path = DestroyTheWorld.app; sourceTree = BUILT_PRODUCTS_DIR; };
		E09BD82E1F630F92008F8A77 /* AppDelegate.swift */ = {isa = PBXFileReference; lastKnownFileType = sourcecode.swift; path = AppDelegate.swift; sourceTree = "<group>"; };
		E09BD8301F630F92008F8A77 /* ViewController.swift */ = {isa = PBXFileReference; lastKnownFileType = sourcecode.swift; path = ViewController.swift; sourceTree = "<group>"; };
		E09BD8331F630F92008F8A77 /* Base */ = {isa = PBXFileReference; lastKnownFileType = file.storyboard; name = Base; path = Base.lproj/Main.storyboard; sourceTree = "<group>"; };
		E09BD8351F630F92008F8A77 /* Assets.xcassets */ = {isa = PBXFileReference; lastKnownFileType = folder.assetcatalog; path = Assets.xcassets; sourceTree = "<group>"; };
		E09BD8381F630F92008F8A77 /* Base */ = {isa = PBXFileReference; lastKnownFileType = file.storyboard; name = Base; path = Base.lproj/LaunchScreen.storyboard; sourceTree = "<group>"; };
		E09BD83A1F630F92008F8A77 /* Info.plist */ = {isa = PBXFileReference; lastKnownFileType = text.plist.xml; path = Info.plist; sourceTree = "<group>"; };
		E09BD83F1F630F92008F8A77 /* DestroyTheWorldTests.xctest */ = {isa = PBXFileReference; explicitFileType = wrapper.cfbundle; includeInIndex = 0; path = DestroyTheWorldTests.xctest; sourceTree = BUILT_PRODUCTS_DIR; };
		E09BD8431F630F92008F8A77 /* DestroyTheWorldTests.swift */ = {isa = PBXFileReference; lastKnownFileType = sourcecode.swift; path = DestroyTheWorldTests.swift; sourceTree = "<group>"; };
		E09BD8451F630F92008F8A77 /* Info.plist */ = {isa = PBXFileReference; lastKnownFileType = text.plist.xml; path = Info.plist; sourceTree = "<group>"; };
		E09BD84A1F630F92008F8A77 /* DestroyTheWorldUITests.xctest */ = {isa = PBXFileReference; explicitFileType = wrapper.cfbundle; includeInIndex = 0; path = DestroyTheWorldUITests.xctest; sourceTree = BUILT_PRODUCTS_DIR; };
		E09BD84E1F630F92008F8A77 /* DestroyTheWorldUITests.swift */ = {isa = PBXFileReference; lastKnownFileType = sourcecode.swift; path = DestroyTheWorldUITests.swift; sourceTree = "<group>"; };
		E09BD8501F630F92008F8A77 /* Info.plist */ = {isa = PBXFileReference; lastKnownFileType = text.plist.xml; path = Info.plist; sourceTree = "<group>"; };
/* End PBXFileReference section */

/* Begin PBXFrameworksBuildPhase section */
		E09BD8281F630F92008F8A77 /* Frameworks */ = {
			isa = PBXFrameworksBuildPhase;
			buildActionMask = 2147483647;
			files = (
			);
			runOnlyForDeploymentPostprocessing = 0;
		};
		E09BD83C1F630F92008F8A77 /* Frameworks */ = {
			isa = PBXFrameworksBuildPhase;
			buildActionMask = 2147483647;
			files = (
			);
			runOnlyForDeploymentPostprocessing = 0;
		};
		E09BD8471F630F92008F8A77 /* Frameworks */ = {
			isa = PBXFrameworksBuildPhase;
			buildActionMask = 2147483647;
			files = (
			);
			runOnlyForDeploymentPostprocessing = 0;
		};
/* End PBXFrameworksBuildPhase section */

/* Begin PBXGroup section */
		E09BD8221F630F92008F8A77 = {
			isa = PBXGroup;
			children = (
				E09BD82D1F630F92008F8A77 /* DestroyTheWorld */,
				E09BD8421F630F92008F8A77 /* DestroyTheWorldTests */,
				E09BD84D1F630F92008F8A77 /* DestroyTheWorldUITests */,
				E09BD82C1F630F92008F8A77 /* Products */,
			);
			sourceTree = "<group>";
		};
		E09BD82C1F630F92008F8A77 /* Products */ = {
			isa = PBXGroup;
			children = (
				E09BD82B1F630F92008F8A77 /* DestroyTheWorld.app */,
				E09BD83F1F630F92008F8A77 /* DestroyTheWorldTests.xctest */,
				E09BD84A1F630F92008F8A77 /* DestroyTheWorldUITests.xctest */,
			);
			name = Products;
			sourceTree = "<group>";
		};
		E09BD82D1F630F92008F8A77 /* DestroyTheWorld */ = {
			isa = PBXGroup;
			children = (
				E09BD82E1F630F92008F8A77 /* AppDelegate.swift */,
				E09BD8301F630F92008F8A77 /* ViewController.swift */,
				E09BD8321F630F92008F8A77 /* Main.storyboard */,
				E09BD8351F630F92008F8A77 /* Assets.xcassets */,
				E09BD8371F630F92008F8A77 /* LaunchScreen.storyboard */,
				E09BD83A1F630F92008F8A77 /* Info.plist */,
			);
			path = DestroyTheWorld;
			sourceTree = "<group>";
		};
		E09BD8421F630F92008F8A77 /* DestroyTheWorldTests */ = {
			isa = PBXGroup;
			children = (
				E09BD8431F630F92008F8A77 /* DestroyTheWorldTests.swift */,
				E09BD8451F630F92008F8A77 /* Info.plist */,
			);
			path = DestroyTheWorldTests;
			sourceTree = "<group>";
		};
		E09BD84D1F630F92008F8A77 /* DestroyTheWorldUITests */ = {
			isa = PBXGroup;
			children = (
				E09BD84E1F630F92008F8A77 /* DestroyTheWorldUITests.swift */,
				E09BD8501F630F92008F8A77 /* Info.plist */,
			);
			path = DestroyTheWorldUITests;
			sourceTree = "<group>";
		};
/* End PBXGroup section */

/* Begin PBXNativeTarget section */
		E09BD82A1F630F92008F8A77 /* DestroyTheWorld */ = {
			isa = PBXNativeTarget;
			buildConfigurationList = E09BD8531F630F92008F8A77 /* Build configuration list for PBXNativeTarget "DestroyTheWorld" */;
			buildPhases = (
				E09BD8271F630F92008F8A77 /* Sources */,
				E09BD8281F630F92008F8A77 /* Frameworks */,
				E09BD8291F630F92008F8A77 /* Resources */,
			);
			buildRules = (
			);
			dependencies = (
			);
			name = DestroyTheWorld;
			productName = DestroyTheWorld;
			productReference = E09BD82B1F630F92008F8A77 /* DestroyTheWorld.app */;
			productType = "com.apple.product-type.application";
		};
		E09BD83E1F630F92008F8A77 /* DestroyTheWorldTests */ = {
			isa = PBXNativeTarget;
			buildConfigurationList = E09BD8561F630F92008F8A77 /* Build configuration list for PBXNativeTarget "DestroyTheWorldTests" */;
			buildPhases = (
				E09BD83B1F630F92008F8A77 /* Sources */,
				E09BD83C1F630F92008F8A77 /* Frameworks */,
				E09BD83D1F630F92008F8A77 /* Resources */,
			);
			buildRules = (
			);
			dependencies = (
				E09BD8411F630F92008F8A77 /* PBXTargetDependency */,
			);
			name = DestroyTheWorldTests;
			productName = DestroyTheWorldTests;
			productReference = E09BD83F1F630F92008F8A77 /* DestroyTheWorldTests.xctest */;
			productType = "com.apple.product-type.bundle.unit-test";
		};
		E09BD8491F630F92008F8A77 /* DestroyTheWorldUITests */ = {
			isa = PBXNativeTarget;
			buildConfigurationList = E09BD8591F630F92008F8A77 /* Build configuration list for PBXNativeTarget "DestroyTheWorldUITests" */;
			buildPhases = (
				E09BD8461F630F92008F8A77 /* Sources */,
				E09BD8471F630F92008F8A77 /* Frameworks */,
				E09BD8481F630F92008F8A77 /* Resources */,
			);
			buildRules = (
			);
			dependencies = (
				E09BD84C1F630F92008F8A77 /* PBXTargetDependency */,
			);
			name = DestroyTheWorldUITests;
			productName = DestroyTheWorldUITests;
			productReference = E09BD84A1F630F92008F8A77 /* DestroyTheWorldUITests.xctest */;
			productType = "com.apple.product-type.bundle.ui-testing";
		};
/* End PBXNativeTarget section */

/* Begin PBXProject section */
		E09BD8231F630F92008F8A77 /* Project object */ = {
			isa = PBXProject;
			attributes = {
				LastSwiftUpdateCheck = 0830;
				LastUpgradeCheck = 0830;
				ORGANIZATIONNAME = RTarnoczi;
				TargetAttributes = {
					E09BD82A1F630F92008F8A77 = {
						CreatedOnToolsVersion = 8.3.3;
						DevelopmentTeam = H2DN48DHE3;
						ProvisioningStyle = Automatic;
					};
					E09BD83E1F630F92008F8A77 = {
						CreatedOnToolsVersion = 8.3.3;
						DevelopmentTeam = H2DN48DHE3;
						ProvisioningStyle = Automatic;
						TestTargetID = E09BD82A1F630F92008F8A77;
					};
					E09BD8491F630F92008F8A77 = {
						CreatedOnToolsVersion = 8.3.3;
						DevelopmentTeam = H2DN48DHE3;
						ProvisioningStyle = Automatic;
						TestTargetID = E09BD82A1F630F92008F8A77;
					};
				};
			};
			buildConfigurationList = E09BD8261F630F92008F8A77 /* Build configuration list for PBXProject "DestroyTheWorld" */;
			compatibilityVersion = "Xcode 3.2";
			developmentRegion = English;
			hasScannedForEncodings = 0;
			knownRegions = (
				en,
				Base,
			);
			mainGroup = E09BD8221F630F92008F8A77;
			productRefGroup = E09BD82C1F630F92008F8A77 /* Products */;
			projectDirPath = "";
			projectRoot = "";
			targets = (
				E09BD82A1F630F92008F8A77 /* DestroyTheWorld */,
				E09BD83E1F630F92008F8A77 /* DestroyTheWorldTests */,
				E09BD8491F630F92008F8A77 /* DestroyTheWorldUITests */,
			);
		};
/* End PBXProject section */

/* Begin PBXResourcesBuildPhase section */
		E09BD8291F630F92008F8A77 /* Resources */ = {
			isa = PBXResourcesBuildPhase;
			buildActionMask = 2147483647;
			files = (
				E09BD8391F630F92008F8A77 /* LaunchScreen.storyboard in Resources */,
				E09BD8361F630F92008F8A77 /* Assets.xcassets in Resources */,
				E09BD8341F630F92008F8A77 /* Main.storyboard in Resources */,
			);
			runOnlyForDeploymentPostprocessing = 0;
		};
		E09BD83D1F630F92008F8A77 /* Resources */ = {
			isa = PBXResourcesBuildPhase;
			buildActionMask = 2147483647;
			files = (
			);
			runOnlyForDeploymentPostprocessing = 0;
		};
		E09BD8481F630F92008F8A77 /* Resources */ = {
			isa = PBXResourcesBuildPhase;
			buildActionMask = 2147483647;
			files = (
			);
			runOnlyForDeploymentPostprocessing = 0;
		};
/* End PBXResourcesBuildPhase section */

/* Begin PBXSourcesBuildPhase section */
		E09BD8271F630F92008F8A77 /* Sources */ = {
			isa = PBXSourcesBuildPhase;
			buildActionMask = 2147483647;
			files = (
				E09BD8311F630F92008F8A77 /* ViewController.swift in Sources */,
				E09BD82F1F630F92008F8A77 /* AppDelegate.swift in Sources */,
			);
			runOnlyForDeploymentPostprocessing = 0;
		};
		E09BD83B1F630F92008F8A77 /* Sources */ = {
			isa = PBXSourcesBuildPhase;
			buildActionMask = 2147483647;
			files = (
				E09BD8441F630F92008F8A77 /* DestroyTheWorldTests.swift in Sources */,
			);
			runOnlyForDeploymentPostprocessing = 0;
		};
		E09BD8461F630F92008F8A77 /* Sources */ = {
			isa = PBXSourcesBuildPhase;
			buildActionMask = 2147483647;
			files = (
				E09BD84F1F630F92008F8A77 /* DestroyTheWorldUITests.swift in Sources */,
			);
			runOnlyForDeploymentPostprocessing = 0;
		};
/* End PBXSourcesBuildPhase section */

/* Begin PBXTargetDependency section */
		E09BD8411F630F92008F8A77 /* PBXTargetDependency */ = {
			isa = PBXTargetDependency;
			target = E09BD82A1F630F92008F8A77 /* DestroyTheWorld */;
			targetProxy = E09BD8401F630F92008F8A77 /* PBXContainerItemProxy */;
		};
		E09BD84C1F630F92008F8A77 /* PBXTargetDependency */ = {
			isa = PBXTargetDependency;
			target = E09BD82A1F630F92008F8A77 /* DestroyTheWorld */;
			targetProxy = E09BD84B1F630F92008F8A77 /* PBXContainerItemProxy */;
		};
/* End PBXTargetDependency section */

/* Begin PBXVariantGroup section */
		E09BD8321F630F92008F8A77 /* Main.storyboard */ = {
			isa = PBXVariantGroup;
			children = (
				E09BD8331F630F92008F8A77 /* Base */,
			);
			name = Main.storyboard;
			sourceTree = "<group>";
		};
		E09BD8371F630F92008F8A77 /* LaunchScreen.storyboard */ = {
			isa = PBXVariantGroup;
			children = (
				E09BD8381F630F92008F8A77 /* Base */,
			);
			name = LaunchScreen.storyboard;
			sourceTree = "<group>";
		};
/* End PBXVariantGroup section */

/* Begin XCBuildConfiguration section */
		E09BD8511F630F92008F8A77 /* Debug */ = {
			isa = XCBuildConfiguration;
			buildSettings = {
				ALWAYS_SEARCH_USER_PATHS = NO;
				CLANG_ANALYZER_NONNULL = YES;
				CLANG_ANALYZER_NUMBER_OBJECT_CONVERSION = YES_AGGRESSIVE;
				CLANG_CXX_LANGUAGE_STANDARD = "gnu++0x";
				CLANG_CXX_LIBRARY = "libc++";
				CLANG_ENABLE_MODULES = YES;
				CLANG_ENABLE_OBJC_ARC = YES;
				CLANG_WARN_BOOL_CONVERSION = YES;
				CLANG_WARN_CONSTANT_CONVERSION = YES;
				CLANG_WARN_DIRECT_OBJC_ISA_USAGE = YES_ERROR;
				CLANG_WARN_DOCUMENTATION_COMMENTS = YES;
				CLANG_WARN_EMPTY_BODY = YES;
				CLANG_WARN_ENUM_CONVERSION = YES;
				CLANG_WARN_INFINITE_RECURSION = YES;
				CLANG_WARN_INT_CONVERSION = YES;
				CLANG_WARN_OBJC_ROOT_CLASS = YES_ERROR;
				CLANG_WARN_SUSPICIOUS_MOVE = YES;
				CLANG_WARN_UNREACHABLE_CODE = YES;
				CLANG_WARN__DUPLICATE_METHOD_MATCH = YES;
				"CODE_SIGN_IDENTITY[sdk=iphoneos*]" = "iPhone Developer";
				COPY_PHASE_STRIP = NO;
				DEBUG_INFORMATION_FORMAT = dwarf;
				ENABLE_STRICT_OBJC_MSGSEND = YES;
				ENABLE_TESTABILITY = YES;
				GCC_C_LANGUAGE_STANDARD = gnu99;
				GCC_DYNAMIC_NO_PIC = NO;
				GCC_NO_COMMON_BLOCKS = YES;
				GCC_OPTIMIZATION_LEVEL = 0;
				GCC_PREPROCESSOR_DEFINITIONS = (
					"DEBUG=1",
					"$(inherited)",
				);
				GCC_WARN_64_TO_32_BIT_CONVERSION = YES;
				GCC_WARN_ABOUT_RETURN_TYPE = YES_ERROR;
				GCC_WARN_UNDECLARED_SELECTOR = YES;
				GCC_WARN_UNINITIALIZED_AUTOS = YES_AGGRESSIVE;
				GCC_WARN_UNUSED_FUNCTION = YES;
				GCC_WARN_UNUSED_VARIABLE = YES;
				IPHONEOS_DEPLOYMENT_TARGET = 10.3;
				MTL_ENABLE_DEBUG_INFO = YES;
				ONLY_ACTIVE_ARCH = YES;
				SDKROOT = iphoneos;
				SWIFT_ACTIVE_COMPILATION_CONDITIONS = DEBUG;
				SWIFT_OPTIMIZATION_LEVEL = "-Onone";
				TARGETED_DEVICE_FAMILY = "1,2";
			};
			name = Debug;
		};
		E09BD8521F630F92008F8A77 /* Release */ = {
			isa = XCBuildConfiguration;
			buildSettings = {
				ALWAYS_SEARCH_USER_PATHS = NO;
				CLANG_ANALYZER_NONNULL = YES;
				CLANG_ANALYZER_NUMBER_OBJECT_CONVERSION = YES_AGGRESSIVE;
				CLANG_CXX_LANGUAGE_STANDARD = "gnu++0x";
				CLANG_CXX_LIBRARY = "libc++";
				CLANG_ENABLE_MODULES = YES;
				CLANG_ENABLE_OBJC_ARC = YES;
				CLANG_WARN_BOOL_CONVERSION = YES;
				CLANG_WARN_CONSTANT_CONVERSION = YES;
				CLANG_WARN_DIRECT_OBJC_ISA_USAGE = YES_ERROR;
				CLANG_WARN_DOCUMENTATION_COMMENTS = YES;
				CLANG_WARN_EMPTY_BODY = YES;
				CLANG_WARN_ENUM_CONVERSION = YES;
				CLANG_WARN_INFINITE_RECURSION = YES;
				CLANG_WARN_INT_CONVERSION = YES;
				CLANG_WARN_OBJC_ROOT_CLASS = YES_ERROR;
				CLANG_WARN_SUSPICIOUS_MOVE = YES;
				CLANG_WARN_UNREACHABLE_CODE = YES;
				CLANG_WARN__DUPLICATE_METHOD_MATCH = YES;
				"CODE_SIGN_IDENTITY[sdk=iphoneos*]" = "iPhone Developer";
				COPY_PHASE_STRIP = NO;
				DEBUG_INFORMATION_FORMAT = "dwarf-with-dsym";
				ENABLE_NS_ASSERTIONS = NO;
				ENABLE_STRICT_OBJC_MSGSEND = YES;
				GCC_C_LANGUAGE_STANDARD = gnu99;
				GCC_NO_COMMON_BLOCKS = YES;
				GCC_WARN_64_TO_32_BIT_CONVERSION = YES;
				GCC_WARN_ABOUT_RETURN_TYPE = YES_ERROR;
				GCC_WARN_UNDECLARED_SELECTOR = YES;
				GCC_WARN_UNINITIALIZED_AUTOS = YES_AGGRESSIVE;
				GCC_WARN_UNUSED_FUNCTION = YES;
				GCC_WARN_UNUSED_VARIABLE = YES;
				IPHONEOS_DEPLOYMENT_TARGET = 10.3;
				MTL_ENABLE_DEBUG_INFO = NO;
				SDKROOT = iphoneos;
				SWIFT_OPTIMIZATION_LEVEL = "-Owholemodule";
				TARGETED_DEVICE_FAMILY = "1,2";
				VALIDATE_PRODUCT = YES;
			};
			name = Release;
		};
		E09BD8541F630F92008F8A77 /* Debug */ = {
			isa = XCBuildConfiguration;
			buildSettings = {
				ASSETCATALOG_COMPILER_APPICON_NAME = AppIcon;
				DEVELOPMENT_TEAM = H2DN48DHE3;
				INFOPLIST_FILE = DestroyTheWorld/Info.plist;
				LD_RUNPATH_SEARCH_PATHS = "$(inherited) @executable_path/Frameworks";
				PRODUCT_BUNDLE_IDENTIFIER = com.rtarnoczi.DestroyTheWorld;
				PRODUCT_NAME = "$(TARGET_NAME)";
				SWIFT_VERSION = 3.0;
			};
			name = Debug;
		};
		E09BD8551F630F92008F8A77 /* Release */ = {
			isa = XCBuildConfiguration;
			buildSettings = {
				ASSETCATALOG_COMPILER_APPICON_NAME = AppIcon;
				DEVELOPMENT_TEAM = H2DN48DHE3;
				INFOPLIST_FILE = DestroyTheWorld/Info.plist;
				LD_RUNPATH_SEARCH_PATHS = "$(inherited) @executable_path/Frameworks";
				PRODUCT_BUNDLE_IDENTIFIER = com.rtarnoczi.DestroyTheWorld;
				PRODUCT_NAME = "$(TARGET_NAME)";
				SWIFT_VERSION = 3.0;
			};
			name = Release;
		};
		E09BD8571F630F92008F8A77 /* Debug */ = {
			isa = XCBuildConfiguration;
			buildSettings = {
				ALWAYS_EMBED_SWIFT_STANDARD_LIBRARIES = YES;
				BUNDLE_LOADER = "$(TEST_HOST)";
				DEVELOPMENT_TEAM = H2DN48DHE3;
				INFOPLIST_FILE = DestroyTheWorldTests/Info.plist;
				LD_RUNPATH_SEARCH_PATHS = "$(inherited) @executable_path/Frameworks @loader_path/Frameworks";
				PRODUCT_BUNDLE_IDENTIFIER = com.rtarnoczi.DestroyTheWorldTests;
				PRODUCT_NAME = "$(TARGET_NAME)";
				SWIFT_VERSION = 3.0;
				TEST_HOST = "$(BUILT_PRODUCTS_DIR)/DestroyTheWorld.app/DestroyTheWorld";
			};
			name = Debug;
		};
		E09BD8581F630F92008F8A77 /* Release */ = {
			isa = XCBuildConfiguration;
			buildSettings = {
				ALWAYS_EMBED_SWIFT_STANDARD_LIBRARIES = YES;
				BUNDLE_LOADER = "$(TEST_HOST)";
				DEVELOPMENT_TEAM = H2DN48DHE3;
				INFOPLIST_FILE = DestroyTheWorldTests/Info.plist;
				LD_RUNPATH_SEARCH_PATHS = "$(inherited) @executable_path/Frameworks @loader_path/Frameworks";
				PRODUCT_BUNDLE_IDENTIFIER = com.rtarnoczi.DestroyTheWorldTests;
				PRODUCT_NAME = "$(TARGET_NAME)";
				SWIFT_VERSION = 3.0;
				TEST_HOST = "$(BUILT_PRODUCTS_DIR)/DestroyTheWorld.app/DestroyTheWorld";
			};
			name = Release;
		};
		E09BD85A1F630F92008F8A77 /* Debug */ = {
			isa = XCBuildConfiguration;
			buildSettings = {
				ALWAYS_EMBED_SWIFT_STANDARD_LIBRARIES = YES;
				DEVELOPMENT_TEAM = H2DN48DHE3;
				INFOPLIST_FILE = DestroyTheWorldUITests/Info.plist;
				LD_RUNPATH_SEARCH_PATHS = "$(inherited) @executable_path/Frameworks @loader_path/Frameworks";
				PRODUCT_BUNDLE_IDENTIFIER = com.rtarnoczi.DestroyTheWorldUITests;
				PRODUCT_NAME = "$(TARGET_NAME)";
				SWIFT_VERSION = 3.0;
				TEST_TARGET_NAME = DestroyTheWorld;
			};
			name = Debug;
		};
		E09BD85B1F630F92008F8A77 /* Release */ = {
			isa = XCBuildConfiguration;
			buildSettings = {
				ALWAYS_EMBED_SWIFT_STANDARD_LIBRARIES = YES;
				DEVELOPMENT_TEAM = H2DN48DHE3;
				INFOPLIST_FILE = DestroyTheWorldUITests/Info.plist;
				LD_RUNPATH_SEARCH_PATHS = "$(inherited) @executable_path/Frameworks @loader_path/Frameworks";
				PRODUCT_BUNDLE_IDENTIFIER = com.rtarnoczi.DestroyTheWorldUITests;
				PRODUCT_NAME = "$(TARGET_NAME)";
				SWIFT_VERSION = 3.0;
				TEST_TARGET_NAME = DestroyTheWorld;
			};
			name = Release;
		};
/* End XCBuildConfiguration section */

/* Begin XCConfigurationList section */
		E09BD8261F630F92008F8A77 /* Build configuration list for PBXProject "DestroyTheWorld" */ = {
			isa = XCConfigurationList;
			buildConfigurations = (
				E09BD8511F630F92008F8A77 /* Debug */,
				E09BD8521F630F92008F8A77 /* Release */,
			);
			defaultConfigurationIsVisible = 0;
			defaultConfigurationName = Release;
		};
		E09BD8531F630F92008F8A77 /* Build configuration list for PBXNativeTarget "DestroyTheWorld" */ = {
			isa = XCConfigurationList;
			buildConfigurations = (
				E09BD8541F630F92008F8A77 /* Debug */,
				E09BD8551F630F92008F8A77 /* Release */,
			);
			defaultConfigurationIsVisible = 0;
		};
		E09BD8561F630F92008F8A77 /* Build configuration list for PBXNativeTarget "DestroyTheWorldTests" */ = {
			isa = XCConfigurationList;
			buildConfigurations = (
				E09BD8571F630F92008F8A77 /* Debug */,
				E09BD8581F630F92008F8A77 /* Release */,
			);
			defaultConfigurationIsVisible = 0;
		};
		E09BD8591F630F92008F8A77 /* Build configuration list for PBXNativeTarget "DestroyTheWorldUITests" */ = {
			isa = XCConfigurationList;
			buildConfigurations = (
				E09BD85A1F630F92008F8A77 /* Debug */,
				E09BD85B1F630F92008F8A77 /* Release */,
			);
			defaultConfigurationIsVisible = 0;
		};
/* End XCConfigurationList section */
	};
	rootObject = E09BD8231F630F92008F8A77 /* Project object */;
}
